
Microsoft Visual Studio Solution File, Format Version 12.00
# Visual Studio Version 16
VisualStudioVersion = 16.0.30128.74
MinimumVisualStudioVersion = 10.0.40219.1
Project("{FAE04EC0-301F-11D3-BF4B-00C04F79EFBC}") = "LocoAnalogueControlMod", "LocoAnalogueControlMod\LocoAnalogueControlMod.csproj", "{235FCA82-A254-4B97-9A61-E2357DBB6B77}"
EndProject
Global
	GlobalSection(SolutionConfigurationPlatforms) = preSolution
		Debug|Any CPU = Debug|Any CPU
		Release|Any CPU = Release|Any CPU
	EndGlobalSection
	GlobalSection(ProjectConfigurationPlatforms) = postSolution
		{235FCA82-A254-4B97-9A61-E2357DBB6B77}.Debug|Any CPU.ActiveCfg = Debug|Any CPU
		{235FCA82-A254-4B97-9A61-E2357DBB6B77}.Debug|Any CPU.Build.0 = Debug|Any CPU
		{235FCA82-A254-4B97-9A61-E2357DBB6B77}.Release|Any CPU.ActiveCfg = Release|Any CPU
		{235FCA82-A254-4B97-9A61-E2357DBB6B77}.Release|Any CPU.Build.0 = Release|Any CPU
	EndGlobalSection
	GlobalSection(SolutionProperties) = preSolution
		HideSolutionNode = FALSE
	EndGlobalSection
	GlobalSection(ExtensibilityGlobals) = postSolution
		SolutionGuid = {A359D5FD-33B7-4118-BDDA-7D32A0E6C38E}
	EndGlobalSection
EndGlobal
